
Microsoft Visual Studio Solution File, Format Version 12.00
# Visual Studio Version 16
VisualStudioVersion = 16.0.31112.23
MinimumVisualStudioVersion = 10.0.40219.1
Project("{9A19103F-16F7-4668-BE54-9A1E7A4F7556}") = "School", "School.csproj", "{131CDB09-4DE8-4AF4-BB0B-DC7A0130562C}"
EndProject
Global
	GlobalSection(SolutionConfigurationPlatforms) = preSolution
		Debug|Any CPU = Debug|Any CPU
		Release|Any CPU = Release|Any CPU
	EndGlobalSection
	GlobalSection(ProjectConfigurationPlatforms) = postSolution
		{131CDB09-4DE8-4AF4-BB0B-DC7A0130562C}.Debug|Any CPU.ActiveCfg = Debug|Any CPU
		{131CDB09-4DE8-4AF4-BB0B-DC7A0130562C}.Debug|Any CPU.Build.0 = Debug|Any CPU
		{131CDB09-4DE8-4AF4-BB0B-DC7A0130562C}.Release|Any CPU.ActiveCfg = Release|Any CPU
		{131CDB09-4DE8-4AF4-BB0B-DC7A0130562C}.Release|Any CPU.Build.0 = Release|Any CPU
	EndGlobalSection
	GlobalSection(SolutionProperties) = preSolution
		HideSolutionNode = FALSE
	EndGlobalSection
	GlobalSection(ExtensibilityGlobals) = postSolution
		SolutionGuid = {E23E52CF-59D3-46C5-A8FF-83933B7AA4DF}
	EndGlobalSection
EndGlobal
